
Microsoft Visual Studio Solution File, Format Version 12.00
# Visual Studio Version 17
VisualStudioVersion = 17.0.31903.59
MinimumVisualStudioVersion = 10.0.40219.1
Project("{6EC3EE1D-3C4E-46DD-8F32-0CC8E7565705}") = "Siren", "src\Siren.fsproj", "{4E2FFE99-C8CE-4D7A-8264-8814881FA859}"
EndProject
Project("{6EC3EE1D-3C4E-46DD-8F32-0CC8E7565705}") = "Build", "build\Build.fsproj", "{8EBC0771-671D-4BF4-9A74-95CAADC1350D}"
EndProject
Project("{2150E333-8FDC-42A3-9474-1A3956D46DE8}") = "Solution Items", "Solution Items", "{6128727F-D229-492C-A954-AA17F406BC32}"
	ProjectSection(SolutionItems) = preProject
		.gitignore = .gitignore
		build.cmd = build.cmd
		.config\dotnet-tools.json = .config\dotnet-tools.json
		LICENSE = LICENSE
		package.json = package.json
		pyproject.toml = pyproject.toml
		README.md = README.md
		setup.cmd = setup.cmd
	EndProjectSection
EndProject
Project("{6EC3EE1D-3C4E-46DD-8F32-0CC8E7565705}") = "Siren.Tests", "tests\Core\Siren.Tests.fsproj", "{A1FAF9E8-BFD9-487E-BAF3-C77520268CC7}"
EndProject
Project("{2150E333-8FDC-42A3-9474-1A3956D46DE8}") = "tests", "tests", "{4AC2249E-9CDF-4A34-9EC3-CBC2F22FEC6A}"
EndProject
Project("{6EC3EE1D-3C4E-46DD-8F32-0CC8E7565705}") = "App", "docs\src\App.fsproj", "{E33CFE2C-2CC4-4552-9BEA-9F23291D7F08}"
EndProject
Project("{2150E333-8FDC-42A3-9474-1A3956D46DE8}") = "docs", "docs", "{F7C3CCB8-7CAC-4F37-BCD7-307C1334B20F}"
	ProjectSection(SolutionItems) = preProject
		docs\package.json = docs\package.json
		docs\postcss.config.js = docs\postcss.config.js
		docs\README.md = docs\README.md
		docs\tailwind.config.js = docs\tailwind.config.js
		docs\vite.config.js = docs\vite.config.js
	EndProjectSection
EndProject
Global
	GlobalSection(SolutionConfigurationPlatforms) = preSolution
		Debug|Any CPU = Debug|Any CPU
		Release|Any CPU = Release|Any CPU
	EndGlobalSection
	GlobalSection(ProjectConfigurationPlatforms) = postSolution
		{4E2FFE99-C8CE-4D7A-8264-8814881FA859}.Debug|Any CPU.ActiveCfg = Debug|Any CPU
		{4E2FFE99-C8CE-4D7A-8264-8814881FA859}.Debug|Any CPU.Build.0 = Debug|Any CPU
		{4E2FFE99-C8CE-4D7A-8264-8814881FA859}.Release|Any CPU.ActiveCfg = Release|Any CPU
		{4E2FFE99-C8CE-4D7A-8264-8814881FA859}.Release|Any CPU.Build.0 = Release|Any CPU
		{8EBC0771-671D-4BF4-9A74-95CAADC1350D}.Debug|Any CPU.ActiveCfg = Debug|Any CPU
		{8EBC0771-671D-4BF4-9A74-95CAADC1350D}.Debug|Any CPU.Build.0 = Debug|Any CPU
		{8EBC0771-671D-4BF4-9A74-95CAADC1350D}.Release|Any CPU.ActiveCfg = Release|Any CPU
		{8EBC0771-671D-4BF4-9A74-95CAADC1350D}.Release|Any CPU.Build.0 = Release|Any CPU
		{A1FAF9E8-BFD9-487E-BAF3-C77520268CC7}.Debug|Any CPU.ActiveCfg = Debug|Any CPU
		{A1FAF9E8-BFD9-487E-BAF3-C77520268CC7}.Debug|Any CPU.Build.0 = Debug|Any CPU
		{A1FAF9E8-BFD9-487E-BAF3-C77520268CC7}.Release|Any CPU.ActiveCfg = Release|Any CPU
		{A1FAF9E8-BFD9-487E-BAF3-C77520268CC7}.Release|Any CPU.Build.0 = Release|Any CPU
		{E33CFE2C-2CC4-4552-9BEA-9F23291D7F08}.Debug|Any CPU.ActiveCfg = Debug|Any CPU
		{E33CFE2C-2CC4-4552-9BEA-9F23291D7F08}.Debug|Any CPU.Build.0 = Debug|Any CPU
		{E33CFE2C-2CC4-4552-9BEA-9F23291D7F08}.Release|Any CPU.ActiveCfg = Release|Any CPU
		{E33CFE2C-2CC4-4552-9BEA-9F23291D7F08}.Release|Any CPU.Build.0 = Release|Any CPU
	EndGlobalSection
	GlobalSection(SolutionProperties) = preSolution
		HideSolutionNode = FALSE
	EndGlobalSection
	GlobalSection(NestedProjects) = preSolution
		{A1FAF9E8-BFD9-487E-BAF3-C77520268CC7} = {4AC2249E-9CDF-4A34-9EC3-CBC2F22FEC6A}
		{E33CFE2C-2CC4-4552-9BEA-9F23291D7F08} = {F7C3CCB8-7CAC-4F37-BCD7-307C1334B20F}
	EndGlobalSection
	GlobalSection(ExtensibilityGlobals) = postSolution
		SolutionGuid = {4A5AB7E0-1514-40A8-B5C0-FE62BB49ECD6}
	EndGlobalSection
EndGlobal
